// !$*UTF8*$!
{
	archiveVersion = 1;
	classes = {
	};
	objectVersion = 46;
	objects = {

/* Begin PBXBuildFile section */
		0AE9660D1E8FF00D00AB3B55 /* QuartzCore.framework in Frameworks */ = {isa = PBXBuildFile; fileRef = 0AE9660C1E8FF00D00AB3B55 /* QuartzCore.framework */; };
		0AE966111E8FF10E00AB3B55 /* MotionViewController.m in Sources */ = {isa = PBXBuildFile; fileRef = 0AE966101E8FF10E00AB3B55 /* MotionViewController.m */; };
		0AE966141E8FF14400AB3B55 /* CLMManager.m in Sources */ = {isa = PBXBuildFile; fileRef = 0AE966131E8FF14400AB3B55 /* CLMManager.m */; };
		4E5569A1DA98EAEFBF3F202A /* Pods_uvradiation.framework in Frameworks */ = {isa = PBXBuildFile; fileRef = 11307B2DBD7F9A3092BADCFB /* Pods_uvradiation.framework */; };
		8F0FC048468B780F3330D633 /* Pods_uvradiationTests.framework in Frameworks */ = {isa = PBXBuildFile; fileRef = 110292950BECBA4BA9240F41 /* Pods_uvradiationTests.framework */; };
		A15F5BF61E8F483300AA6F6B /* AppDelegate.swift in Sources */ = {isa = PBXBuildFile; fileRef = A15F5BF51E8F483300AA6F6B /* AppDelegate.swift */; };
		A15F5BF81E8F483300AA6F6B /* ViewController.swift in Sources */ = {isa = PBXBuildFile; fileRef = A15F5BF71E8F483300AA6F6B /* ViewController.swift */; };
		A15F5BFB1E8F483300AA6F6B /* Main.storyboard in Resources */ = {isa = PBXBuildFile; fileRef = A15F5BF91E8F483300AA6F6B /* Main.storyboard */; };
		A15F5BFD1E8F483300AA6F6B /* Assets.xcassets in Resources */ = {isa = PBXBuildFile; fileRef = A15F5BFC1E8F483300AA6F6B /* Assets.xcassets */; };
		A15F5C001E8F483300AA6F6B /* LaunchScreen.storyboard in Resources */ = {isa = PBXBuildFile; fileRef = A15F5BFE1E8F483300AA6F6B /* LaunchScreen.storyboard */; };
		A15F5C0B1E8F483300AA6F6B /* uvradiationTests.swift in Sources */ = {isa = PBXBuildFile; fileRef = A15F5C0A1E8F483300AA6F6B /* uvradiationTests.swift */; };
		A15F5C161E8F483300AA6F6B /* uvradiationUITests.swift in Sources */ = {isa = PBXBuildFile; fileRef = A15F5C151E8F483300AA6F6B /* uvradiationUITests.swift */; };
		A15F5C241E8F9E6600AA6F6B /* LoginController.swift in Sources */ = {isa = PBXBuildFile; fileRef = A15F5C231E8F9E6600AA6F6B /* LoginController.swift */; };
		A15F5C261E8F9EC000AA6F6B /* GoogleService-Info.plist in Resources */ = {isa = PBXBuildFile; fileRef = A15F5C251E8F9EC000AA6F6B /* GoogleService-Info.plist */; };
		A15F5C281E8FA14200AA6F6B /* SignUpController.swift in Sources */ = {isa = PBXBuildFile; fileRef = A15F5C271E8FA14200AA6F6B /* SignUpController.swift */; };
		A15F5C2A1E8FA7FE00AA6F6B /* SetupController.swift in Sources */ = {isa = PBXBuildFile; fileRef = A15F5C291E8FA7FE00AA6F6B /* SetupController.swift */; };
		A15F5C2C1E8FC75100AA6F6B /* CoreTelephony.framework in Frameworks */ = {isa = PBXBuildFile; fileRef = A15F5C2B1E8FC75100AA6F6B /* CoreTelephony.framework */; };
		A57DF9AF57C2F78C88D2DDBE /* Pods_uvradiationUITests.framework in Frameworks */ = {isa = PBXBuildFile; fileRef = BEF5204A6573522C26DE9253 /* Pods_uvradiationUITests.framework */; };
/* End PBXBuildFile section */

/* Begin PBXContainerItemProxy section */
		A15F5C071E8F483300AA6F6B /* PBXContainerItemProxy */ = {
			isa = PBXContainerItemProxy;
			containerPortal = A15F5BEA1E8F483300AA6F6B /* Project object */;
			proxyType = 1;
			remoteGlobalIDString = A15F5BF11E8F483300AA6F6B;
			remoteInfo = uvradiation;
		};
		A15F5C121E8F483300AA6F6B /* PBXContainerItemProxy */ = {
			isa = PBXContainerItemProxy;
			containerPortal = A15F5BEA1E8F483300AA6F6B /* Project object */;
			proxyType = 1;
			remoteGlobalIDString = A15F5BF11E8F483300AA6F6B;
			remoteInfo = uvradiation;
		};
/* End PBXContainerItemProxy section */

/* Begin PBXFileReference section */
		0AE9660C1E8FF00D00AB3B55 /* QuartzCore.framework */ = {isa = PBXFileReference; lastKnownFileType = wrapper.framework; name = QuartzCore.framework; path = System/Library/Frameworks/QuartzCore.framework; sourceTree = SDKROOT; };
		0AE9660E1E8FF10E00AB3B55 /* uvradiation-Bridging-Header.h */ = {isa = PBXFileReference; lastKnownFileType = sourcecode.c.h; path = "uvradiation-Bridging-Header.h"; sourceTree = "<group>"; };
		0AE9660F1E8FF10E00AB3B55 /* MotionViewController.h */ = {isa = PBXFileReference; fileEncoding = 4; lastKnownFileType = sourcecode.c.h; path = MotionViewController.h; sourceTree = "<group>"; };
		0AE966101E8FF10E00AB3B55 /* MotionViewController.m */ = {isa = PBXFileReference; fileEncoding = 4; lastKnownFileType = sourcecode.c.objc; path = MotionViewController.m; sourceTree = "<group>"; };
		0AE966121E8FF14400AB3B55 /* CLMManager.h */ = {isa = PBXFileReference; fileEncoding = 4; lastKnownFileType = sourcecode.c.h; path = CLMManager.h; sourceTree = "<group>"; };
		0AE966131E8FF14400AB3B55 /* CLMManager.m */ = {isa = PBXFileReference; fileEncoding = 4; lastKnownFileType = sourcecode.c.objc; path = CLMManager.m; sourceTree = "<group>"; };
		110292950BECBA4BA9240F41 /* Pods_uvradiationTests.framework */ = {isa = PBXFileReference; explicitFileType = wrapper.framework; includeInIndex = 0; path = Pods_uvradiationTests.framework; sourceTree = BUILT_PRODUCTS_DIR; };
		11307B2DBD7F9A3092BADCFB /* Pods_uvradiation.framework */ = {isa = PBXFileReference; explicitFileType = wrapper.framework; includeInIndex = 0; path = Pods_uvradiation.framework; sourceTree = BUILT_PRODUCTS_DIR; };
		24CFD20301649F6F054C97D3 /* Pods-uvradiationUITests.debug.xcconfig */ = {isa = PBXFileReference; includeInIndex = 1; lastKnownFileType = text.xcconfig; name = "Pods-uvradiationUITests.debug.xcconfig"; path = "Pods/Target Support Files/Pods-uvradiationUITests/Pods-uvradiationUITests.debug.xcconfig"; sourceTree = "<group>"; };
		6E013BC682BCA8226542BCC9 /* Pods-uvradiationTests.debug.xcconfig */ = {isa = PBXFileReference; includeInIndex = 1; lastKnownFileType = text.xcconfig; name = "Pods-uvradiationTests.debug.xcconfig"; path = "Pods/Target Support Files/Pods-uvradiationTests/Pods-uvradiationTests.debug.xcconfig"; sourceTree = "<group>"; };
		8E83131ED07927A18877CC89 /* Pods-uvradiation.release.xcconfig */ = {isa = PBXFileReference; includeInIndex = 1; lastKnownFileType = text.xcconfig; name = "Pods-uvradiation.release.xcconfig"; path = "Pods/Target Support Files/Pods-uvradiation/Pods-uvradiation.release.xcconfig"; sourceTree = "<group>"; };
		A15F5BF21E8F483300AA6F6B /* uvradiation.app */ = {isa = PBXFileReference; explicitFileType = wrapper.application; includeInIndex = 0; path = uvradiation.app; sourceTree = BUILT_PRODUCTS_DIR; };
		A15F5BF51E8F483300AA6F6B /* AppDelegate.swift */ = {isa = PBXFileReference; lastKnownFileType = sourcecode.swift; path = AppDelegate.swift; sourceTree = "<group>"; };
		A15F5BF71E8F483300AA6F6B /* ViewController.swift */ = {isa = PBXFileReference; lastKnownFileType = sourcecode.swift; path = ViewController.swift; sourceTree = "<group>"; };
		A15F5BFA1E8F483300AA6F6B /* Base */ = {isa = PBXFileReference; lastKnownFileType = file.storyboard; name = Base; path = Base.lproj/Main.storyboard; sourceTree = "<group>"; };
		A15F5BFC1E8F483300AA6F6B /* Assets.xcassets */ = {isa = PBXFileReference; lastKnownFileType = folder.assetcatalog; path = Assets.xcassets; sourceTree = "<group>"; };
		A15F5BFF1E8F483300AA6F6B /* Base */ = {isa = PBXFileReference; lastKnownFileType = file.storyboard; name = Base; path = Base.lproj/LaunchScreen.storyboard; sourceTree = "<group>"; };
		A15F5C011E8F483300AA6F6B /* Info.plist */ = {isa = PBXFileReference; lastKnownFileType = text.plist.xml; path = Info.plist; sourceTree = "<group>"; };
		A15F5C061E8F483300AA6F6B /* uvradiationTests.xctest */ = {isa = PBXFileReference; explicitFileType = wrapper.cfbundle; includeInIndex = 0; path = uvradiationTests.xctest; sourceTree = BUILT_PRODUCTS_DIR; };
		A15F5C0A1E8F483300AA6F6B /* uvradiationTests.swift */ = {isa = PBXFileReference; lastKnownFileType = sourcecode.swift; path = uvradiationTests.swift; sourceTree = "<group>"; };
		A15F5C0C1E8F483300AA6F6B /* Info.plist */ = {isa = PBXFileReference; lastKnownFileType = text.plist.xml; path = Info.plist; sourceTree = "<group>"; };
		A15F5C111E8F483300AA6F6B /* uvradiationUITests.xctest */ = {isa = PBXFileReference; explicitFileType = wrapper.cfbundle; includeInIndex = 0; path = uvradiationUITests.xctest; sourceTree = BUILT_PRODUCTS_DIR; };
		A15F5C151E8F483300AA6F6B /* uvradiationUITests.swift */ = {isa = PBXFileReference; lastKnownFileType = sourcecode.swift; path = uvradiationUITests.swift; sourceTree = "<group>"; };
		A15F5C171E8F483300AA6F6B /* Info.plist */ = {isa = PBXFileReference; lastKnownFileType = text.plist.xml; path = Info.plist; sourceTree = "<group>"; };
		A15F5C231E8F9E6600AA6F6B /* LoginController.swift */ = {isa = PBXFileReference; fileEncoding = 4; lastKnownFileType = sourcecode.swift; path = LoginController.swift; sourceTree = "<group>"; };
		A15F5C251E8F9EC000AA6F6B /* GoogleService-Info.plist */ = {isa = PBXFileReference; fileEncoding = 4; lastKnownFileType = text.plist.xml; path = "GoogleService-Info.plist"; sourceTree = "<group>"; };
		A15F5C271E8FA14200AA6F6B /* SignUpController.swift */ = {isa = PBXFileReference; fileEncoding = 4; lastKnownFileType = sourcecode.swift; path = SignUpController.swift; sourceTree = "<group>"; };
		A15F5C291E8FA7FE00AA6F6B /* SetupController.swift */ = {isa = PBXFileReference; fileEncoding = 4; lastKnownFileType = sourcecode.swift; path = SetupController.swift; sourceTree = "<group>"; };
		A15F5C2B1E8FC75100AA6F6B /* CoreTelephony.framework */ = {isa = PBXFileReference; lastKnownFileType = wrapper.framework; name = CoreTelephony.framework; path = System/Library/Frameworks/CoreTelephony.framework; sourceTree = SDKROOT; };
		B2533613B9302BB1289C7C70 /* Pods-uvradiationTests.release.xcconfig */ = {isa = PBXFileReference; includeInIndex = 1; lastKnownFileType = text.xcconfig; name = "Pods-uvradiationTests.release.xcconfig"; path = "Pods/Target Support Files/Pods-uvradiationTests/Pods-uvradiationTests.release.xcconfig"; sourceTree = "<group>"; };
		B27350D4F79ED0CCABEEA091 /* Pods-uvradiationUITests.release.xcconfig */ = {isa = PBXFileReference; includeInIndex = 1; lastKnownFileType = text.xcconfig; name = "Pods-uvradiationUITests.release.xcconfig"; path = "Pods/Target Support Files/Pods-uvradiationUITests/Pods-uvradiationUITests.release.xcconfig"; sourceTree = "<group>"; };
		BEF5204A6573522C26DE9253 /* Pods_uvradiationUITests.framework */ = {isa = PBXFileReference; explicitFileType = wrapper.framework; includeInIndex = 0; path = Pods_uvradiationUITests.framework; sourceTree = BUILT_PRODUCTS_DIR; };
		CD7B537CB2EFBC80585628D6 /* Pods-uvradiation.debug.xcconfig */ = {isa = PBXFileReference; includeInIndex = 1; lastKnownFileType = text.xcconfig; name = "Pods-uvradiation.debug.xcconfig"; path = "Pods/Target Support Files/Pods-uvradiation/Pods-uvradiation.debug.xcconfig"; sourceTree = "<group>"; };
/* End PBXFileReference section */

/* Begin PBXFrameworksBuildPhase section */
		A15F5BEF1E8F483300AA6F6B /* Frameworks */ = {
			isa = PBXFrameworksBuildPhase;
			buildActionMask = 2147483647;
			files = (
				0AE9660D1E8FF00D00AB3B55 /* QuartzCore.framework in Frameworks */,
				A15F5C2C1E8FC75100AA6F6B /* CoreTelephony.framework in Frameworks */,
				4E5569A1DA98EAEFBF3F202A /* Pods_uvradiation.framework in Frameworks */,
			);
			runOnlyForDeploymentPostprocessing = 0;
		};
		A15F5C031E8F483300AA6F6B /* Frameworks */ = {
			isa = PBXFrameworksBuildPhase;
			buildActionMask = 2147483647;
			files = (
				8F0FC048468B780F3330D633 /* Pods_uvradiationTests.framework in Frameworks */,
			);
			runOnlyForDeploymentPostprocessing = 0;
		};
		A15F5C0E1E8F483300AA6F6B /* Frameworks */ = {
			isa = PBXFrameworksBuildPhase;
			buildActionMask = 2147483647;
			files = (
				A57DF9AF57C2F78C88D2DDBE /* Pods_uvradiationUITests.framework in Frameworks */,
			);
			runOnlyForDeploymentPostprocessing = 0;
		};
/* End PBXFrameworksBuildPhase section */

/* Begin PBXGroup section */
		301D0DF533A5B35BDF9CE9C2 /* Frameworks */ = {
			isa = PBXGroup;
			children = (
				0AE9660C1E8FF00D00AB3B55 /* QuartzCore.framework */,
				A15F5C2B1E8FC75100AA6F6B /* CoreTelephony.framework */,
				11307B2DBD7F9A3092BADCFB /* Pods_uvradiation.framework */,
				110292950BECBA4BA9240F41 /* Pods_uvradiationTests.framework */,
				BEF5204A6573522C26DE9253 /* Pods_uvradiationUITests.framework */,
			);
			name = Frameworks;
			sourceTree = "<group>";
		};
		A15F5BE91E8F483300AA6F6B = {
			isa = PBXGroup;
			children = (
				A15F5BF41E8F483300AA6F6B /* uvradiation */,
				A15F5C091E8F483300AA6F6B /* uvradiationTests */,
				A15F5C141E8F483300AA6F6B /* uvradiationUITests */,
				A15F5BF31E8F483300AA6F6B /* Products */,
				D9D759B73B592B7EF698F987 /* Pods */,
				301D0DF533A5B35BDF9CE9C2 /* Frameworks */,
			);
			sourceTree = "<group>";
		};
		A15F5BF31E8F483300AA6F6B /* Products */ = {
			isa = PBXGroup;
			children = (
				A15F5BF21E8F483300AA6F6B /* uvradiation.app */,
				A15F5C061E8F483300AA6F6B /* uvradiationTests.xctest */,
				A15F5C111E8F483300AA6F6B /* uvradiationUITests.xctest */,
			);
			name = Products;
			sourceTree = "<group>";
		};
		A15F5BF41E8F483300AA6F6B /* uvradiation */ = {
			isa = PBXGroup;
			children = (
				A15F5BF51E8F483300AA6F6B /* AppDelegate.swift */,
				A15F5BF71E8F483300AA6F6B /* ViewController.swift */,
				A15F5C231E8F9E6600AA6F6B /* LoginController.swift */,
				A15F5C271E8FA14200AA6F6B /* SignUpController.swift */,
				A15F5C291E8FA7FE00AA6F6B /* SetupController.swift */,
				0AE9660F1E8FF10E00AB3B55 /* MotionViewController.h */,
				0AE966101E8FF10E00AB3B55 /* MotionViewController.m */,
				0AE966121E8FF14400AB3B55 /* CLMManager.h */,
				0AE966131E8FF14400AB3B55 /* CLMManager.m */,
				A15F5BF91E8F483300AA6F6B /* Main.storyboard */,
				A15F5BFC1E8F483300AA6F6B /* Assets.xcassets */,
				A15F5BFE1E8F483300AA6F6B /* LaunchScreen.storyboard */,
				A15F5C011E8F483300AA6F6B /* Info.plist */,
				A15F5C251E8F9EC000AA6F6B /* GoogleService-Info.plist */,
				0AE9660E1E8FF10E00AB3B55 /* uvradiation-Bridging-Header.h */,
			);
			path = uvradiation;
			sourceTree = "<group>";
		};
		A15F5C091E8F483300AA6F6B /* uvradiationTests */ = {
			isa = PBXGroup;
			children = (
				A15F5C0A1E8F483300AA6F6B /* uvradiationTests.swift */,
				A15F5C0C1E8F483300AA6F6B /* Info.plist */,
			);
			path = uvradiationTests;
			sourceTree = "<group>";
		};
		A15F5C141E8F483300AA6F6B /* uvradiationUITests */ = {
			isa = PBXGroup;
			children = (
				A15F5C151E8F483300AA6F6B /* uvradiationUITests.swift */,
				A15F5C171E8F483300AA6F6B /* Info.plist */,
			);
			path = uvradiationUITests;
			sourceTree = "<group>";
		};
		D9D759B73B592B7EF698F987 /* Pods */ = {
			isa = PBXGroup;
			children = (
				CD7B537CB2EFBC80585628D6 /* Pods-uvradiation.debug.xcconfig */,
				8E83131ED07927A18877CC89 /* Pods-uvradiation.release.xcconfig */,
				6E013BC682BCA8226542BCC9 /* Pods-uvradiationTests.debug.xcconfig */,
				B2533613B9302BB1289C7C70 /* Pods-uvradiationTests.release.xcconfig */,
				24CFD20301649F6F054C97D3 /* Pods-uvradiationUITests.debug.xcconfig */,
				B27350D4F79ED0CCABEEA091 /* Pods-uvradiationUITests.release.xcconfig */,
			);
			name = Pods;
			sourceTree = "<group>";
		};
/* End PBXGroup section */

/* Begin PBXNativeTarget section */
		A15F5BF11E8F483300AA6F6B /* uvradiation */ = {
			isa = PBXNativeTarget;
			buildConfigurationList = A15F5C1A1E8F483300AA6F6B /* Build configuration list for PBXNativeTarget "uvradiation" */;
			buildPhases = (
				F9AD1723FAAA2B19F352B5F5 /* [CP] Check Pods Manifest.lock */,
				A15F5BEE1E8F483300AA6F6B /* Sources */,
				A15F5BEF1E8F483300AA6F6B /* Frameworks */,
				A15F5BF01E8F483300AA6F6B /* Resources */,
				40ACF970A4B7F0632B33590C /* [CP] Embed Pods Frameworks */,
				8BB2CEF7DF2D9CD50CC9F9E9 /* [CP] Copy Pods Resources */,
			);
			buildRules = (
			);
			dependencies = (
			);
			name = uvradiation;
			productName = uvradiation;
			productReference = A15F5BF21E8F483300AA6F6B /* uvradiation.app */;
			productType = "com.apple.product-type.application";
		};
		A15F5C051E8F483300AA6F6B /* uvradiationTests */ = {
			isa = PBXNativeTarget;
			buildConfigurationList = A15F5C1D1E8F483300AA6F6B /* Build configuration list for PBXNativeTarget "uvradiationTests" */;
			buildPhases = (
				7FDE15F0AEC5CE727DAA4B86 /* [CP] Check Pods Manifest.lock */,
				A15F5C021E8F483300AA6F6B /* Sources */,
				A15F5C031E8F483300AA6F6B /* Frameworks */,
				A15F5C041E8F483300AA6F6B /* Resources */,
				50939D5CD8BD062BA0AC849F /* [CP] Embed Pods Frameworks */,
				53A8793A153EB3A7ABF176AD /* [CP] Copy Pods Resources */,
			);
			buildRules = (
			);
			dependencies = (
				A15F5C081E8F483300AA6F6B /* PBXTargetDependency */,
			);
			name = uvradiationTests;
			productName = uvradiationTests;
			productReference = A15F5C061E8F483300AA6F6B /* uvradiationTests.xctest */;
			productType = "com.apple.product-type.bundle.unit-test";
		};
		A15F5C101E8F483300AA6F6B /* uvradiationUITests */ = {
			isa = PBXNativeTarget;
			buildConfigurationList = A15F5C201E8F483300AA6F6B /* Build configuration list for PBXNativeTarget "uvradiationUITests" */;
			buildPhases = (
				23586BDCA2DF4EFB23B8BDD2 /* [CP] Check Pods Manifest.lock */,
				A15F5C0D1E8F483300AA6F6B /* Sources */,
				A15F5C0E1E8F483300AA6F6B /* Frameworks */,
				A15F5C0F1E8F483300AA6F6B /* Resources */,
				62206DF7949947BC70633E96 /* [CP] Embed Pods Frameworks */,
				4AA2E31FC45E3735FB8017E8 /* [CP] Copy Pods Resources */,
			);
			buildRules = (
			);
			dependencies = (
				A15F5C131E8F483300AA6F6B /* PBXTargetDependency */,
			);
			name = uvradiationUITests;
			productName = uvradiationUITests;
			productReference = A15F5C111E8F483300AA6F6B /* uvradiationUITests.xctest */;
			productType = "com.apple.product-type.bundle.ui-testing";
		};
/* End PBXNativeTarget section */

/* Begin PBXProject section */
		A15F5BEA1E8F483300AA6F6B /* Project object */ = {
			isa = PBXProject;
			attributes = {
				LastSwiftUpdateCheck = 0820;
				LastUpgradeCheck = 0820;
				ORGANIZATIONNAME = Emily;
				TargetAttributes = {
					A15F5BF11E8F483300AA6F6B = {
						CreatedOnToolsVersion = 8.2.1;
						DevelopmentTeam = W82EHQ5KSA;
						LastSwiftMigration = 0820;
						ProvisioningStyle = Automatic;
						SystemCapabilities = {
							com.apple.BackgroundModes = {
								enabled = 1;
							};
						};
					};
					A15F5C051E8F483300AA6F6B = {
						CreatedOnToolsVersion = 8.2.1;
						DevelopmentTeam = HSYD3ZBRT6;
						ProvisioningStyle = Automatic;
						TestTargetID = A15F5BF11E8F483300AA6F6B;
					};
					A15F5C101E8F483300AA6F6B = {
						CreatedOnToolsVersion = 8.2.1;
						DevelopmentTeam = HSYD3ZBRT6;
						ProvisioningStyle = Automatic;
						TestTargetID = A15F5BF11E8F483300AA6F6B;
					};
				};
			};
			buildConfigurationList = A15F5BED1E8F483300AA6F6B /* Build configuration list for PBXProject "uvradiation" */;
			compatibilityVersion = "Xcode 3.2";
			developmentRegion = English;
			hasScannedForEncodings = 0;
			knownRegions = (
				en,
				Base,
			);
			mainGroup = A15F5BE91E8F483300AA6F6B;
			productRefGroup = A15F5BF31E8F483300AA6F6B /* Products */;
			projectDirPath = "";
			projectRoot = "";
			targets = (
				A15F5BF11E8F483300AA6F6B /* uvradiation */,
				A15F5C051E8F483300AA6F6B /* uvradiationTests */,
				A15F5C101E8F483300AA6F6B /* uvradiationUITests */,
			);
		};
/* End PBXProject section */

/* Begin PBXResourcesBuildPhase section */
		A15F5BF01E8F483300AA6F6B /* Resources */ = {
			isa = PBXResourcesBuildPhase;
			buildActionMask = 2147483647;
			files = (
				A15F5C001E8F483300AA6F6B /* LaunchScreen.storyboard in Resources */,
				A15F5C261E8F9EC000AA6F6B /* GoogleService-Info.plist in Resources */,
				A15F5BFD1E8F483300AA6F6B /* Assets.xcassets in Resources */,
				A15F5BFB1E8F483300AA6F6B /* Main.storyboard in Resources */,
			);
			runOnlyForDeploymentPostprocessing = 0;
		};
		A15F5C041E8F483300AA6F6B /* Resources */ = {
			isa = PBXResourcesBuildPhase;
			buildActionMask = 2147483647;
			files = (
			);
			runOnlyForDeploymentPostprocessing = 0;
		};
		A15F5C0F1E8F483300AA6F6B /* Resources */ = {
			isa = PBXResourcesBuildPhase;
			buildActionMask = 2147483647;
			files = (
			);
			runOnlyForDeploymentPostprocessing = 0;
		};
/* End PBXResourcesBuildPhase section */

/* Begin PBXShellScriptBuildPhase section */
		23586BDCA2DF4EFB23B8BDD2 /* [CP] Check Pods Manifest.lock */ = {
			isa = PBXShellScriptBuildPhase;
			buildActionMask = 2147483647;
			files = (
			);
			inputPaths = (
			);
			name = "[CP] Check Pods Manifest.lock";
			outputPaths = (
			);
			runOnlyForDeploymentPostprocessing = 0;
			shellPath = /bin/sh;
			shellScript = "diff \"${PODS_ROOT}/../Podfile.lock\" \"${PODS_ROOT}/Manifest.lock\" > /dev/null\nif [ $? != 0 ] ; then\n    # print error to STDERR\n    echo \"error: The sandbox is not in sync with the Podfile.lock. Run 'pod install' or update your CocoaPods installation.\" >&2\n    exit 1\nfi\n";
			showEnvVarsInLog = 0;
		};
		40ACF970A4B7F0632B33590C /* [CP] Embed Pods Frameworks */ = {
			isa = PBXShellScriptBuildPhase;
			buildActionMask = 2147483647;
			files = (
			);
			inputPaths = (
			);
			name = "[CP] Embed Pods Frameworks";
			outputPaths = (
			);
			runOnlyForDeploymentPostprocessing = 0;
			shellPath = /bin/sh;
			shellScript = "\"${SRCROOT}/Pods/Target Support Files/Pods-uvradiation/Pods-uvradiation-frameworks.sh\"\n";
			showEnvVarsInLog = 0;
		};
		4AA2E31FC45E3735FB8017E8 /* [CP] Copy Pods Resources */ = {
			isa = PBXShellScriptBuildPhase;
			buildActionMask = 2147483647;
			files = (
			);
			inputPaths = (
			);
			name = "[CP] Copy Pods Resources";
			outputPaths = (
			);
			runOnlyForDeploymentPostprocessing = 0;
			shellPath = /bin/sh;
			shellScript = "\"${SRCROOT}/Pods/Target Support Files/Pods-uvradiationUITests/Pods-uvradiationUITests-resources.sh\"\n";
			showEnvVarsInLog = 0;
		};
		50939D5CD8BD062BA0AC849F /* [CP] Embed Pods Frameworks */ = {
			isa = PBXShellScriptBuildPhase;
			buildActionMask = 2147483647;
			files = (
			);
			inputPaths = (
			);
			name = "[CP] Embed Pods Frameworks";
			outputPaths = (
			);
			runOnlyForDeploymentPostprocessing = 0;
			shellPath = /bin/sh;
			shellScript = "\"${SRCROOT}/Pods/Target Support Files/Pods-uvradiationTests/Pods-uvradiationTests-frameworks.sh\"\n";
			showEnvVarsInLog = 0;
		};
		53A8793A153EB3A7ABF176AD /* [CP] Copy Pods Resources */ = {
			isa = PBXShellScriptBuildPhase;
			buildActionMask = 2147483647;
			files = (
			);
			inputPaths = (
			);
			name = "[CP] Copy Pods Resources";
			outputPaths = (
			);
			runOnlyForDeploymentPostprocessing = 0;
			shellPath = /bin/sh;
			shellScript = "\"${SRCROOT}/Pods/Target Support Files/Pods-uvradiationTests/Pods-uvradiationTests-resources.sh\"\n";
			showEnvVarsInLog = 0;
		};
		62206DF7949947BC70633E96 /* [CP] Embed Pods Frameworks */ = {
			isa = PBXShellScriptBuildPhase;
			buildActionMask = 2147483647;
			files = (
			);
			inputPaths = (
			);
			name = "[CP] Embed Pods Frameworks";
			outputPaths = (
			);
			runOnlyForDeploymentPostprocessing = 0;
			shellPath = /bin/sh;
			shellScript = "\"${SRCROOT}/Pods/Target Support Files/Pods-uvradiationUITests/Pods-uvradiationUITests-frameworks.sh\"\n";
			showEnvVarsInLog = 0;
		};
		7FDE15F0AEC5CE727DAA4B86 /* [CP] Check Pods Manifest.lock */ = {
			isa = PBXShellScriptBuildPhase;
			buildActionMask = 2147483647;
			files = (
			);
			inputPaths = (
			);
			name = "[CP] Check Pods Manifest.lock";
			outputPaths = (
			);
			runOnlyForDeploymentPostprocessing = 0;
			shellPath = /bin/sh;
			shellScript = "diff \"${PODS_ROOT}/../Podfile.lock\" \"${PODS_ROOT}/Manifest.lock\" > /dev/null\nif [ $? != 0 ] ; then\n    # print error to STDERR\n    echo \"error: The sandbox is not in sync with the Podfile.lock. Run 'pod install' or update your CocoaPods installation.\" >&2\n    exit 1\nfi\n";
			showEnvVarsInLog = 0;
		};
		8BB2CEF7DF2D9CD50CC9F9E9 /* [CP] Copy Pods Resources */ = {
			isa = PBXShellScriptBuildPhase;
			buildActionMask = 2147483647;
			files = (
			);
			inputPaths = (
			);
			name = "[CP] Copy Pods Resources";
			outputPaths = (
			);
			runOnlyForDeploymentPostprocessing = 0;
			shellPath = /bin/sh;
			shellScript = "\"${SRCROOT}/Pods/Target Support Files/Pods-uvradiation/Pods-uvradiation-resources.sh\"\n";
			showEnvVarsInLog = 0;
		};
		F9AD1723FAAA2B19F352B5F5 /* [CP] Check Pods Manifest.lock */ = {
			isa = PBXShellScriptBuildPhase;
			buildActionMask = 2147483647;
			files = (
			);
			inputPaths = (
			);
			name = "[CP] Check Pods Manifest.lock";
			outputPaths = (
			);
			runOnlyForDeploymentPostprocessing = 0;
			shellPath = /bin/sh;
			shellScript = "diff \"${PODS_ROOT}/../Podfile.lock\" \"${PODS_ROOT}/Manifest.lock\" > /dev/null\nif [ $? != 0 ] ; then\n    # print error to STDERR\n    echo \"error: The sandbox is not in sync with the Podfile.lock. Run 'pod install' or update your CocoaPods installation.\" >&2\n    exit 1\nfi\n";
			showEnvVarsInLog = 0;
		};
/* End PBXShellScriptBuildPhase section */

/* Begin PBXSourcesBuildPhase section */
		A15F5BEE1E8F483300AA6F6B /* Sources */ = {
			isa = PBXSourcesBuildPhase;
			buildActionMask = 2147483647;
			files = (
				A15F5BF81E8F483300AA6F6B /* ViewController.swift in Sources */,
				A15F5C241E8F9E6600AA6F6B /* LoginController.swift in Sources */,
				0AE966111E8FF10E00AB3B55 /* MotionViewController.m in Sources */,
				A15F5BF61E8F483300AA6F6B /* AppDelegate.swift in Sources */,
				0AE966141E8FF14400AB3B55 /* CLMManager.m in Sources */,
				A15F5C2A1E8FA7FE00AA6F6B /* SetupController.swift in Sources */,
				A15F5C281E8FA14200AA6F6B /* SignUpController.swift in Sources */,
			);
			runOnlyForDeploymentPostprocessing = 0;
		};
		A15F5C021E8F483300AA6F6B /* Sources */ = {
			isa = PBXSourcesBuildPhase;
			buildActionMask = 2147483647;
			files = (
				A15F5C0B1E8F483300AA6F6B /* uvradiationTests.swift in Sources */,
			);
			runOnlyForDeploymentPostprocessing = 0;
		};
		A15F5C0D1E8F483300AA6F6B /* Sources */ = {
			isa = PBXSourcesBuildPhase;
			buildActionMask = 2147483647;
			files = (
				A15F5C161E8F483300AA6F6B /* uvradiationUITests.swift in Sources */,
			);
			runOnlyForDeploymentPostprocessing = 0;
		};
/* End PBXSourcesBuildPhase section */

/* Begin PBXTargetDependency section */
		A15F5C081E8F483300AA6F6B /* PBXTargetDependency */ = {
			isa = PBXTargetDependency;
			target = A15F5BF11E8F483300AA6F6B /* uvradiation */;
			targetProxy = A15F5C071E8F483300AA6F6B /* PBXContainerItemProxy */;
		};
		A15F5C131E8F483300AA6F6B /* PBXTargetDependency */ = {
			isa = PBXTargetDependency;
			target = A15F5BF11E8F483300AA6F6B /* uvradiation */;
			targetProxy = A15F5C121E8F483300AA6F6B /* PBXContainerItemProxy */;
		};
/* End PBXTargetDependency section */

/* Begin PBXVariantGroup section */
		A15F5BF91E8F483300AA6F6B /* Main.storyboard */ = {
			isa = PBXVariantGroup;
			children = (
				A15F5BFA1E8F483300AA6F6B /* Base */,
			);
			name = Main.storyboard;
			sourceTree = "<group>";
		};
		A15F5BFE1E8F483300AA6F6B /* LaunchScreen.storyboard */ = {
			isa = PBXVariantGroup;
			children = (
				A15F5BFF1E8F483300AA6F6B /* Base */,
			);
			name = LaunchScreen.storyboard;
			sourceTree = "<group>";
		};
/* End PBXVariantGroup section */

/* Begin XCBuildConfiguration section */
		A15F5C181E8F483300AA6F6B /* Debug */ = {
			isa = XCBuildConfiguration;
			buildSettings = {
				ALWAYS_SEARCH_USER_PATHS = NO;
				CLANG_ANALYZER_NONNULL = YES;
				CLANG_CXX_LANGUAGE_STANDARD = "gnu++0x";
				CLANG_CXX_LIBRARY = "libc++";
				CLANG_ENABLE_MODULES = YES;
				CLANG_ENABLE_OBJC_ARC = YES;
				CLANG_WARN_BOOL_CONVERSION = YES;
				CLANG_WARN_CONSTANT_CONVERSION = YES;
				CLANG_WARN_DIRECT_OBJC_ISA_USAGE = YES_ERROR;
				CLANG_WARN_DOCUMENTATION_COMMENTS = YES;
				CLANG_WARN_EMPTY_BODY = YES;
				CLANG_WARN_ENUM_CONVERSION = YES;
				CLANG_WARN_INFINITE_RECURSION = YES;
				CLANG_WARN_INT_CONVERSION = YES;
				CLANG_WARN_OBJC_ROOT_CLASS = YES_ERROR;
				CLANG_WARN_SUSPICIOUS_MOVE = YES;
				CLANG_WARN_UNREACHABLE_CODE = YES;
				CLANG_WARN__DUPLICATE_METHOD_MATCH = YES;
				"CODE_SIGN_IDENTITY[sdk=iphoneos*]" = "iPhone Developer";
				COPY_PHASE_STRIP = NO;
				DEBUG_INFORMATION_FORMAT = dwarf;
				ENABLE_STRICT_OBJC_MSGSEND = YES;
				ENABLE_TESTABILITY = YES;
				GCC_C_LANGUAGE_STANDARD = gnu99;
				GCC_DYNAMIC_NO_PIC = NO;
				GCC_NO_COMMON_BLOCKS = YES;
				GCC_OPTIMIZATION_LEVEL = 0;
				GCC_PREPROCESSOR_DEFINITIONS = (
					"DEBUG=1",
					"$(inherited)",
				);
				GCC_WARN_64_TO_32_BIT_CONVERSION = YES;
				GCC_WARN_ABOUT_RETURN_TYPE = YES_ERROR;
				GCC_WARN_UNDECLARED_SELECTOR = YES;
				GCC_WARN_UNINITIALIZED_AUTOS = YES_AGGRESSIVE;
				GCC_WARN_UNUSED_FUNCTION = YES;
				GCC_WARN_UNUSED_VARIABLE = YES;
				IPHONEOS_DEPLOYMENT_TARGET = 10.2;
				MTL_ENABLE_DEBUG_INFO = YES;
				ONLY_ACTIVE_ARCH = YES;
				SDKROOT = iphoneos;
				SWIFT_ACTIVE_COMPILATION_CONDITIONS = DEBUG;
				SWIFT_OPTIMIZATION_LEVEL = "-Onone";
				TARGETED_DEVICE_FAMILY = "1,2";
			};
			name = Debug;
		};
		A15F5C191E8F483300AA6F6B /* Release */ = {
			isa = XCBuildConfiguration;
			buildSettings = {
				ALWAYS_SEARCH_USER_PATHS = NO;
				CLANG_ANALYZER_NONNULL = YES;
				CLANG_CXX_LANGUAGE_STANDARD = "gnu++0x";
				CLANG_CXX_LIBRARY = "libc++";
				CLANG_ENABLE_MODULES = YES;
				CLANG_ENABLE_OBJC_ARC = YES;
				CLANG_WARN_BOOL_CONVERSION = YES;
				CLANG_WARN_CONSTANT_CONVERSION = YES;
				CLANG_WARN_DIRECT_OBJC_ISA_USAGE = YES_ERROR;
				CLANG_WARN_DOCUMENTATION_COMMENTS = YES;
				CLANG_WARN_EMPTY_BODY = YES;
				CLANG_WARN_ENUM_CONVERSION = YES;
				CLANG_WARN_INFINITE_RECURSION = YES;
				CLANG_WARN_INT_CONVERSION = YES;
				CLANG_WARN_OBJC_ROOT_CLASS = YES_ERROR;
				CLANG_WARN_SUSPICIOUS_MOVE = YES;
				CLANG_WARN_UNREACHABLE_CODE = YES;
				CLANG_WARN__DUPLICATE_METHOD_MATCH = YES;
				"CODE_SIGN_IDENTITY[sdk=iphoneos*]" = "iPhone Developer";
				COPY_PHASE_STRIP = NO;
				DEBUG_INFORMATION_FORMAT = "dwarf-with-dsym";
				ENABLE_NS_ASSERTIONS = NO;
				ENABLE_STRICT_OBJC_MSGSEND = YES;
				GCC_C_LANGUAGE_STANDARD = gnu99;
				GCC_NO_COMMON_BLOCKS = YES;
				GCC_WARN_64_TO_32_BIT_CONVERSION = YES;
				GCC_WARN_ABOUT_RETURN_TYPE = YES_ERROR;
				GCC_WARN_UNDECLARED_SELECTOR = YES;
				GCC_WARN_UNINITIALIZED_AUTOS = YES_AGGRESSIVE;
				GCC_WARN_UNUSED_FUNCTION = YES;
				GCC_WARN_UNUSED_VARIABLE = YES;
				IPHONEOS_DEPLOYMENT_TARGET = 10.2;
				MTL_ENABLE_DEBUG_INFO = NO;
				SDKROOT = iphoneos;
				SWIFT_OPTIMIZATION_LEVEL = "-Owholemodule";
				TARGETED_DEVICE_FAMILY = "1,2";
				VALIDATE_PRODUCT = YES;
			};
			name = Release;
		};
		A15F5C1B1E8F483300AA6F6B /* Debug */ = {
			isa = XCBuildConfiguration;
			baseConfigurationReference = CD7B537CB2EFBC80585628D6 /* Pods-uvradiation.debug.xcconfig */;
			buildSettings = {
				ASSETCATALOG_COMPILER_APPICON_NAME = AppIcon;
				CLANG_ENABLE_MODULES = YES;
				DEVELOPMENT_TEAM = W82EHQ5KSA;
				INFOPLIST_FILE = uvradiation/Info.plist;
				LD_RUNPATH_SEARCH_PATHS = "$(inherited) @executable_path/Frameworks";
				PRODUCT_BUNDLE_IDENTIFIER = com.eyu.uvradiation;
				PRODUCT_NAME = "$(TARGET_NAME)";
				SWIFT_OBJC_BRIDGING_HEADER = "uvradiation/uvradiation-Bridging-Header.h";
				SWIFT_OPTIMIZATION_LEVEL = "-Onone";
				SWIFT_VERSION = 3.0;
			};
			name = Debug;
		};
		A15F5C1C1E8F483300AA6F6B /* Release */ = {
			isa = XCBuildConfiguration;
			baseConfigurationReference = 8E83131ED07927A18877CC89 /* Pods-uvradiation.release.xcconfig */;
			buildSettings = {
				ASSETCATALOG_COMPILER_APPICON_NAME = AppIcon;
				CLANG_ENABLE_MODULES = YES;
				DEVELOPMENT_TEAM = W82EHQ5KSA;
				INFOPLIST_FILE = uvradiation/Info.plist;
				LD_RUNPATH_SEARCH_PATHS = "$(inherited) @executable_path/Frameworks";
				PRODUCT_BUNDLE_IDENTIFIER = com.eyu.uvradiation;
				PRODUCT_NAME = "$(TARGET_NAME)";
				SWIFT_OBJC_BRIDGING_HEADER = "uvradiation/uvradiation-Bridging-Header.h";
				SWIFT_VERSION = 3.0;
			};
			name = Release;
		};
		A15F5C1E1E8F483300AA6F6B /* Debug */ = {
			isa = XCBuildConfiguration;
			baseConfigurationReference = 6E013BC682BCA8226542BCC9 /* Pods-uvradiationTests.debug.xcconfig */;
			buildSettings = {
				ALWAYS_EMBED_SWIFT_STANDARD_LIBRARIES = YES;
				BUNDLE_LOADER = "$(TEST_HOST)";
				DEVELOPMENT_TEAM = HSYD3ZBRT6;
				INFOPLIST_FILE = uvradiationTests/Info.plist;
				LD_RUNPATH_SEARCH_PATHS = "$(inherited) @executable_path/Frameworks @loader_path/Frameworks";
				PRODUCT_BUNDLE_IDENTIFIER = com.eyu.uvradiationTests;
				PRODUCT_NAME = "$(TARGET_NAME)";
				SWIFT_VERSION = 3.0;
				TEST_HOST = "$(BUILT_PRODUCTS_DIR)/uvradiation.app/uvradiation";
			};
			name = Debug;
		};
		A15F5C1F1E8F483300AA6F6B /* Release */ = {
			isa = XCBuildConfiguration;
			baseConfigurationReference = B2533613B9302BB1289C7C70 /* Pods-uvradiationTests.release.xcconfig */;
			buildSettings = {
				ALWAYS_EMBED_SWIFT_STANDARD_LIBRARIES = YES;
				BUNDLE_LOADER = "$(TEST_HOST)";
				DEVELOPMENT_TEAM = HSYD3ZBRT6;
				INFOPLIST_FILE = uvradiationTests/Info.plist;
				LD_RUNPATH_SEARCH_PATHS = "$(inherited) @executable_path/Frameworks @loader_path/Frameworks";
				PRODUCT_BUNDLE_IDENTIFIER = com.eyu.uvradiationTests;
				PRODUCT_NAME = "$(TARGET_NAME)";
				SWIFT_VERSION = 3.0;
				TEST_HOST = "$(BUILT_PRODUCTS_DIR)/uvradiation.app/uvradiation";
			};
			name = Release;
		};
		A15F5C211E8F483300AA6F6B /* Debug */ = {
			isa = XCBuildConfiguration;
			baseConfigurationReference = 24CFD20301649F6F054C97D3 /* Pods-uvradiationUITests.debug.xcconfig */;
			buildSettings = {
				ALWAYS_EMBED_SWIFT_STANDARD_LIBRARIES = YES;
				DEVELOPMENT_TEAM = HSYD3ZBRT6;
				INFOPLIST_FILE = uvradiationUITests/Info.plist;
				LD_RUNPATH_SEARCH_PATHS = "$(inherited) @executable_path/Frameworks @loader_path/Frameworks";
				PRODUCT_BUNDLE_IDENTIFIER = com.eyu.uvradiationUITests;
				PRODUCT_NAME = "$(TARGET_NAME)";
				SWIFT_VERSION = 3.0;
				TEST_TARGET_NAME = uvradiation;
			};
			name = Debug;
		};
		A15F5C221E8F483300AA6F6B /* Release */ = {
			isa = XCBuildConfiguration;
			baseConfigurationReference = B27350D4F79ED0CCABEEA091 /* Pods-uvradiationUITests.release.xcconfig */;
			buildSettings = {
				ALWAYS_EMBED_SWIFT_STANDARD_LIBRARIES = YES;
				DEVELOPMENT_TEAM = HSYD3ZBRT6;
				INFOPLIST_FILE = uvradiationUITests/Info.plist;
				LD_RUNPATH_SEARCH_PATHS = "$(inherited) @executable_path/Frameworks @loader_path/Frameworks";
				PRODUCT_BUNDLE_IDENTIFIER = com.eyu.uvradiationUITests;
				PRODUCT_NAME = "$(TARGET_NAME)";
				SWIFT_VERSION = 3.0;
				TEST_TARGET_NAME = uvradiation;
			};
			name = Release;
		};
/* End XCBuildConfiguration section */

/* Begin XCConfigurationList section */
		A15F5BED1E8F483300AA6F6B /* Build configuration list for PBXProject "uvradiation" */ = {
			isa = XCConfigurationList;
			buildConfigurations = (
				A15F5C181E8F483300AA6F6B /* Debug */,
				A15F5C191E8F483300AA6F6B /* Release */,
			);
			defaultConfigurationIsVisible = 0;
			defaultConfigurationName = Release;
		};
		A15F5C1A1E8F483300AA6F6B /* Build configuration list for PBXNativeTarget "uvradiation" */ = {
			isa = XCConfigurationList;
			buildConfigurations = (
				A15F5C1B1E8F483300AA6F6B /* Debug */,
				A15F5C1C1E8F483300AA6F6B /* Release */,
			);
			defaultConfigurationIsVisible = 0;
			defaultConfigurationName = Release;
		};
		A15F5C1D1E8F483300AA6F6B /* Build configuration list for PBXNativeTarget "uvradiationTests" */ = {
			isa = XCConfigurationList;
			buildConfigurations = (
				A15F5C1E1E8F483300AA6F6B /* Debug */,
				A15F5C1F1E8F483300AA6F6B /* Release */,
			);
			defaultConfigurationIsVisible = 0;
			defaultConfigurationName = Release;
		};
		A15F5C201E8F483300AA6F6B /* Build configuration list for PBXNativeTarget "uvradiationUITests" */ = {
			isa = XCConfigurationList;
			buildConfigurations = (
				A15F5C211E8F483300AA6F6B /* Debug */,
				A15F5C221E8F483300AA6F6B /* Release */,
			);
			defaultConfigurationIsVisible = 0;
			defaultConfigurationName = Release;
		};
/* End XCConfigurationList section */
	};
	rootObject = A15F5BEA1E8F483300AA6F6B /* Project object */;
}
